
Microsoft Visual Studio Solution File, Format Version 12.00
# Visual Studio Version 16
VisualStudioVersion = 16.0.30225.117
MinimumVisualStudioVersion = 10.0.40219.1
Project("{FAE04EC0-301F-11D3-BF4B-00C04F79EFBC}") = "WpfEncodeDecodeBase64", "WpfEncodeDecodeBase64\WpfEncodeDecodeBase64.csproj", "{A99FCB26-8F3B-4443-A5D1-154B9731298B}"
EndProject
Global
	GlobalSection(SolutionConfigurationPlatforms) = preSolution
		Debug|Any CPU = Debug|Any CPU
		Release|Any CPU = Release|Any CPU
	EndGlobalSection
	GlobalSection(ProjectConfigurationPlatforms) = postSolution
		{A99FCB26-8F3B-4443-A5D1-154B9731298B}.Debug|Any CPU.ActiveCfg = Debug|Any CPU
		{A99FCB26-8F3B-4443-A5D1-154B9731298B}.Debug|Any CPU.Build.0 = Debug|Any CPU
		{A99FCB26-8F3B-4443-A5D1-154B9731298B}.Release|Any CPU.ActiveCfg = Release|Any CPU
		{A99FCB26-8F3B-4443-A5D1-154B9731298B}.Release|Any CPU.Build.0 = Release|Any CPU
	EndGlobalSection
	GlobalSection(SolutionProperties) = preSolution
		HideSolutionNode = FALSE
	EndGlobalSection
	GlobalSection(ExtensibilityGlobals) = postSolution
		SolutionGuid = {A970041B-4C38-4276-A3DC-EF09F68C77F2}
	EndGlobalSection
EndGlobal
